<?xml version="1.0" encoding="utf-8"?>
<Project ToolsVersion="4.0" xmlns="http://schemas.microsoft.com/developer/msbuild/2003">
  <ItemGroup>
    <Filter Include="Source Files">
      <UniqueIdentifier>{4FC737F1-C7A5-4376-A066-2A32D752A2FF}</UniqueIdentifier>
      <Extensions>cpp;c;cc;cxx;def;odl;idl;hpj;bat;asm;asmx</Extensions>
    </Filter>
    <Filter Include="Header Files">
      <UniqueIdentifier>{93995380-89BD-4b04-88EB-625FBE52EBFB}</UniqueIdentifier>
      <Extensions>h;hh;hpp;hxx;hm;inl;inc;xsd</Extensions>
    </Filter>
    <Filter Include="Resource Files">
      <UniqueIdentifier>{67DA6AB6-F800-4c08-8B7A-83BB121AAD01}</UniqueIdentifier>
      <Extensions>rc;ico;cur;bmp;dlg;rc2;rct;bin;rgs;gif;jpg;jpeg;jpe;resx;tiff;tif;png;wav;mfcribbon-ms</Extensions>
    </Filter>
  </ItemGroup>
  <ItemGroup>
    <None Include="Mesh_Example_UTFT_21_08_10_02.ino" />
  </ItemGroup>
  <ItemGroup>
    <ClInclude Include="__vm\.Mesh_Example_UTFT_21_08_10_02.vsarduino.h">
      <Filter>Header Files</Filter>
    </ClInclude>
    <ClInclude Include="AbstractModule.h">
      <Filter>Header Files</Filter>
    </ClInclude>
    <ClInclude Include="Adafruit_Si7021.h">
      <Filter>Header Files</Filter>
    </ClInclude>
    <ClInclude Include="AlarmDispatcher.h">
      <Filter>Header Files</Filter>
    </ClInclude>
    <ClInclude Include="AlertModule.h">
      <Filter>Header Files</Filter>
    </ClInclude>
    <ClInclude Include="AT24CX.h">
      <Filter>Header Files</Filter>
    </ClInclude>
    <ClInclude Include="BigRusFont.h">
      <Filter>Header Files</Filter>
    </ClInclude>
    <ClInclude Include="BMP180.h">
      <Filter>Header Files</Filter>
    </ClInclude>
    <ClInclude Include="Buzzer.h">
      <Filter>Header Files</Filter>
    </ClInclude>
    <ClInclude Include="CO2Module.h">
      <Filter>Header Files</Filter>
    </ClInclude>
    <ClInclude Include="CommandBuffer.h">
      <Filter>Header Files</Filter>
    </ClInclude>
    <ClInclude Include="CommandParser.h">
      <Filter>Header Files</Filter>
    </ClInclude>
    <ClInclude Include="CompositeCommandsModule.h">
      <Filter>Header Files</Filter>
    </ClInclude>
    <ClInclude Include="Configuration_DEBUG.h">
      <Filter>Header Files</Filter>
    </ClInclude>
    <ClInclude Include="Configuration_ESP32.h">
      <Filter>Header Files</Filter>
    </ClInclude>
    <ClInclude Include="Configuration_ESP32_HARDWARE.h">
      <Filter>Header Files</Filter>
    </ClInclude>
    <ClInclude Include="Configuration_Shared.h">
      <Filter>Header Files</Filter>
    </ClInclude>
    <ClInclude Include="CoreTransport.h">
      <Filter>Header Files</Filter>
    </ClInclude>
    <ClInclude Include="DelayedEvents.h">
      <Filter>Header Files</Filter>
    </ClInclude>
    <ClInclude Include="DeltaModule.h">
      <Filter>Header Files</Filter>
    </ClInclude>
    <ClInclude Include="DHTSupport.h">
      <Filter>Header Files</Filter>
    </ClInclude>
    <ClInclude Include="DoorModule.h">
      <Filter>Header Files</Filter>
    </ClInclude>
    <ClInclude Include="DS18B20Query.h">
      <Filter>Header Files</Filter>
    </ClInclude>
    <ClInclude Include="DynamicSensorsResetModule.h">
      <Filter>Header Files</Filter>
    </ClInclude>
    <ClInclude Include="ECModule.h">
      <Filter>Header Files</Filter>
    </ClInclude>
    <ClInclude Include="EEPROMSettingsModule.h">
      <Filter>Header Files</Filter>
    </ClInclude>
    <ClInclude Include="Events.h">
      <Filter>Header Files</Filter>
    </ClInclude>
    <ClInclude Include="Globals.h">
      <Filter>Header Files</Filter>
    </ClInclude>
    <ClInclude Include="HTTPInterfaces.h">
      <Filter>Header Files</Filter>
    </ClInclude>
    <ClInclude Include="HttpModule.h">
      <Filter>Header Files</Filter>
    </ClInclude>
    <ClInclude Include="HumidityGlobals.h">
      <Filter>Header Files</Filter>
    </ClInclude>
    <ClInclude Include="HumidityModule.h">
      <Filter>Header Files</Filter>
    </ClInclude>
    <ClInclude Include="IconsFont.h">
      <Filter>Header Files</Filter>
    </ClInclude>
    <ClInclude Include="InteropStream.h">
      <Filter>Header Files</Filter>
    </ClInclude>
    <ClInclude Include="IoT.h">
      <Filter>Header Files</Filter>
    </ClInclude>
    <ClInclude Include="IoTModule.h">
      <Filter>Header Files</Filter>
    </ClInclude>
    <ClInclude Include="LogicManageModule.h">
      <Filter>Header Files</Filter>
    </ClInclude>
    <ClInclude Include="LogModule.h">
      <Filter>Header Files</Filter>
    </ClInclude>
    <ClInclude Include="LoRa.h">
      <Filter>Header Files</Filter>
    </ClInclude>
    <ClInclude Include="LuminosityModule.h">
      <Filter>Header Files</Filter>
    </ClInclude>
    <ClInclude Include="Max44009.h">
      <Filter>Header Files</Filter>
    </ClInclude>
    <ClInclude Include="MCP23017.h">
      <Filter>Header Files</Filter>
    </ClInclude>
    <ClInclude Include="MCP23S17.h">
      <Filter>Header Files</Filter>
    </ClInclude>
    <ClInclude Include="MCPModule.h">
      <Filter>Header Files</Filter>
    </ClInclude>
    <ClInclude Include="Memory.h">
      <Filter>Header Files</Filter>
    </ClInclude>
    <ClInclude Include="ModuleController.h">
      <Filter>Header Files</Filter>
    </ClInclude>
    <ClInclude Include="MODULE_FISH.h">
      <Filter>Header Files</Filter>
    </ClInclude>
    <ClInclude Include="OneWireEmulationModule.h">
      <Filter>Header Files</Filter>
    </ClInclude>
    <ClInclude Include="PDUClasses.h">
      <Filter>Header Files</Filter>
    </ClInclude>
    <ClInclude Include="PHModule.h">
      <Filter>Header Files</Filter>
    </ClInclude>
    <ClInclude Include="PinModule.h">
      <Filter>Header Files</Filter>
    </ClInclude>
    <ClInclude Include="PowerManager.h">
      <Filter>Header Files</Filter>
    </ClInclude>
    <ClInclude Include="PressureModule.h">
      <Filter>Header Files</Filter>
    </ClInclude>
    <ClInclude Include="PushButton.h">
      <Filter>Header Files</Filter>
    </ClInclude>
    <ClInclude Include="ReservationModule.h">
      <Filter>Header Files</Filter>
    </ClInclude>
    <ClInclude Include="RTCSupport.h">
      <Filter>Header Files</Filter>
    </ClInclude>
    <ClInclude Include="RusFont.h">
      <Filter>Header Files</Filter>
    </ClInclude>
    <ClInclude Include="SceneModule.h">
      <Filter>Header Files</Filter>
    </ClInclude>
    <ClInclude Include="ScheduleModule.h">
      <Filter>Header Files</Filter>
    </ClInclude>
    <ClInclude Include="Sensor.h">
      <Filter>Header Files</Filter>
    </ClInclude>
    <ClInclude Include="SensorFont.h">
      <Filter>Header Files</Filter>
    </ClInclude>
    <ClInclude Include="SensorFont2.h">
      <Filter>Header Files</Filter>
    </ClInclude>
    <ClInclude Include="Settings.h">
      <Filter>Header Files</Filter>
    </ClInclude>
    <ClInclude Include="SevenSegNumFontMDS.h">
      <Filter>Header Files</Filter>
    </ClInclude>
    <ClInclude Include="SevenSegNumFontPlus.h">
      <Filter>Header Files</Filter>
    </ClInclude>
    <ClInclude Include="SHT1x.h">
      <Filter>Header Files</Filter>
    </ClInclude>
    <ClInclude Include="Si7021Support.h">
      <Filter>Header Files</Filter>
    </ClInclude>
    <ClInclude Include="SmallRusFont.h">
      <Filter>Header Files</Filter>
    </ClInclude>
    <ClInclude Include="SMSModule.h">
      <Filter>Header Files</Filter>
    </ClInclude>
    <ClInclude Include="SoilMoistureModule.h">
      <Filter>Header Files</Filter>
    </ClInclude>
    <ClInclude Include="StatModule.h">
      <Filter>Header Files</Filter>
    </ClInclude>
    <ClInclude Include="TempSensors.h">
      <Filter>Header Files</Filter>
    </ClInclude>
    <ClInclude Include="TFTMenu.h">
      <Filter>Header Files</Filter>
    </ClInclude>
    <ClInclude Include="TFTModule.h">
      <Filter>Header Files</Filter>
    </ClInclude>
    <ClInclude Include="TFTRus.h">
      <Filter>Header Files</Filter>
    </ClInclude>
    <ClInclude Include="TFT_Buttons_Rus.h">
      <Filter>Header Files</Filter>
    </ClInclude>
    <ClInclude Include="TFT_Includes.h">
      <Filter>Header Files</Filter>
    </ClInclude>
    <ClInclude Include="TimerModule.h">
      <Filter>Header Files</Filter>
    </ClInclude>
    <ClInclude Include="TinyVector.h">
      <Filter>Header Files</Filter>
    </ClInclude>
    <ClInclude Include="UniversalSensors.h">
      <Filter>Header Files</Filter>
    </ClInclude>
    <ClInclude Include="Utils.h">
      <Filter>Header Files</Filter>
    </ClInclude>
    <ClInclude Include="Various_Symbols_32x32.h">
      <Filter>Header Files</Filter>
    </ClInclude>
    <ClInclude Include="WaterflowModule.h">
      <Filter>Header Files</Filter>
    </ClInclude>
    <ClInclude Include="WateringModule.h">
      <Filter>Header Files</Filter>
    </ClInclude>
    <ClInclude Include="WaterTankModule.h">
      <Filter>Header Files</Filter>
    </ClInclude>
    <ClInclude Include="WeatherStation.h">
      <Filter>Header Files</Filter>
    </ClInclude>
    <ClInclude Include="WiFiModule.h">
      <Filter>Header Files</Filter>
    </ClInclude>
    <ClInclude Include="ZeroStreamListener.h">
      <Filter>Header Files</Filter>
    </ClInclude>
  </ItemGroup>
  <ItemGroup>
    <ClCompile Include="AbstractModule.cpp">
      <Filter>Source Files</Filter>
    </ClCompile>
    <ClCompile Include="Adafruit_Si7021.cpp">
      <Filter>Source Files</Filter>
    </ClCompile>
    <ClCompile Include="AlarmDispatcher.cpp">
      <Filter>Source Files</Filter>
    </ClCompile>
    <ClCompile Include="AlertModule.cpp">
      <Filter>Source Files</Filter>
    </ClCompile>
    <ClCompile Include="AT24CX.cpp">
      <Filter>Source Files</Filter>
    </ClCompile>
    <ClCompile Include="BMP180.cpp">
      <Filter>Source Files</Filter>
    </ClCompile>
    <ClCompile Include="Buzzer.cpp">
      <Filter>Source Files</Filter>
    </ClCompile>
    <ClCompile Include="CO2Module.cpp">
      <Filter>Source Files</Filter>
    </ClCompile>
    <ClCompile Include="CommandBuffer.cpp">
      <Filter>Source Files</Filter>
    </ClCompile>
    <ClCompile Include="CommandParser.cpp">
      <Filter>Source Files</Filter>
    </ClCompile>
    <ClCompile Include="CompositeCommandsModule.cpp">
      <Filter>Source Files</Filter>
    </ClCompile>
    <ClCompile Include="CoreTransport.cpp">
      <Filter>Source Files</Filter>
    </ClCompile>
    <ClCompile Include="DelayedEvents.cpp">
      <Filter>Source Files</Filter>
    </ClCompile>
    <ClCompile Include="DeltaModule.cpp">
      <Filter>Source Files</Filter>
    </ClCompile>
    <ClCompile Include="DHTSupport.cpp">
      <Filter>Source Files</Filter>
    </ClCompile>
    <ClCompile Include="DoorModule.cpp">
      <Filter>Source Files</Filter>
    </ClCompile>
    <ClCompile Include="DS18B20Query.cpp">
      <Filter>Source Files</Filter>
    </ClCompile>
    <ClCompile Include="DynamicSensorsResetModule.cpp">
      <Filter>Source Files</Filter>
    </ClCompile>
    <ClCompile Include="ECModule.cpp">
      <Filter>Source Files</Filter>
    </ClCompile>
    <ClCompile Include="EEPROMSettingsModule.cpp">
      <Filter>Source Files</Filter>
    </ClCompile>
    <ClCompile Include="Events.cpp">
      <Filter>Source Files</Filter>
    </ClCompile>
    <ClCompile Include="HttpModule.cpp">
      <Filter>Source Files</Filter>
    </ClCompile>
    <ClCompile Include="HumidityModule.cpp">
      <Filter>Source Files</Filter>
    </ClCompile>
    <ClCompile Include="InteropStream.cpp">
      <Filter>Source Files</Filter>
    </ClCompile>
    <ClCompile Include="IoT.cpp">
      <Filter>Source Files</Filter>
    </ClCompile>
    <ClCompile Include="IoTModule.cpp">
      <Filter>Source Files</Filter>
    </ClCompile>
    <ClCompile Include="LogicManageModule.cpp">
      <Filter>Source Files</Filter>
    </ClCompile>
    <ClCompile Include="LogModule.cpp">
      <Filter>Source Files</Filter>
    </ClCompile>
    <ClCompile Include="LoRa.cpp">
      <Filter>Source Files</Filter>
    </ClCompile>
    <ClCompile Include="LuminosityModule.cpp">
      <Filter>Source Files</Filter>
    </ClCompile>
    <ClCompile Include="Max44009.cpp">
      <Filter>Source Files</Filter>
    </ClCompile>
    <ClCompile Include="MCP23017.cpp">
      <Filter>Source Files</Filter>
    </ClCompile>
    <ClCompile Include="MCP23S17.cpp">
      <Filter>Source Files</Filter>
    </ClCompile>
    <ClCompile Include="MCPModule.cpp">
      <Filter>Source Files</Filter>
    </ClCompile>
    <ClCompile Include="Memory.cpp">
      <Filter>Source Files</Filter>
    </ClCompile>
    <ClCompile Include="ModuleController.cpp">
      <Filter>Source Files</Filter>
    </ClCompile>
    <ClCompile Include="MODULE_FISH.cpp">
      <Filter>Source Files</Filter>
    </ClCompile>
    <ClCompile Include="OneWireEmulationModule.cpp">
      <Filter>Source Files</Filter>
    </ClCompile>
    <ClCompile Include="PDUClasses.cpp">
      <Filter>Source Files</Filter>
    </ClCompile>
    <ClCompile Include="PHModule.cpp">
      <Filter>Source Files</Filter>
    </ClCompile>
    <ClCompile Include="PinModule.cpp">
      <Filter>Source Files</Filter>
    </ClCompile>
    <ClCompile Include="PowerManager.cpp">
      <Filter>Source Files</Filter>
    </ClCompile>
    <ClCompile Include="PressureModule.cpp">
      <Filter>Source Files</Filter>
    </ClCompile>
    <ClCompile Include="PushButton.cpp">
      <Filter>Source Files</Filter>
    </ClCompile>
    <ClCompile Include="ReservationModule.cpp">
      <Filter>Source Files</Filter>
    </ClCompile>
    <ClCompile Include="RTCSupport.cpp">
      <Filter>Source Files</Filter>
    </ClCompile>
    <ClCompile Include="SceneModule.cpp">
      <Filter>Source Files</Filter>
    </ClCompile>
    <ClCompile Include="ScheduleModule.cpp">
      <Filter>Source Files</Filter>
    </ClCompile>
    <ClCompile Include="Sensor.cpp">
      <Filter>Source Files</Filter>
    </ClCompile>
    <ClCompile Include="Settings.cpp">
      <Filter>Source Files</Filter>
    </ClCompile>
    <ClCompile Include="SHT1x.cpp">
      <Filter>Source Files</Filter>
    </ClCompile>
    <ClCompile Include="Si7021Support.cpp">
      <Filter>Source Files</Filter>
    </ClCompile>
    <ClCompile Include="SMSModule.cpp">
      <Filter>Source Files</Filter>
    </ClCompile>
    <ClCompile Include="SoilMoistureModule.cpp">
      <Filter>Source Files</Filter>
    </ClCompile>
    <ClCompile Include="StatModule.cpp">
      <Filter>Source Files</Filter>
    </ClCompile>
    <ClCompile Include="TempSensors.cpp">
      <Filter>Source Files</Filter>
    </ClCompile>
    <ClCompile Include="TFTMenu.cpp">
      <Filter>Source Files</Filter>
    </ClCompile>
    <ClCompile Include="TFTModule.cpp">
      <Filter>Source Files</Filter>
    </ClCompile>
    <ClCompile Include="TFTRus.cpp">
      <Filter>Source Files</Filter>
    </ClCompile>
    <ClCompile Include="TFT_Buttons_Rus.cpp">
      <Filter>Source Files</Filter>
    </ClCompile>
    <ClCompile Include="TimerModule.cpp">
      <Filter>Source Files</Filter>
    </ClCompile>
    <ClCompile Include="UniversalSensors.cpp">
      <Filter>Source Files</Filter>
    </ClCompile>
    <ClCompile Include="Utils.cpp">
      <Filter>Source Files</Filter>
    </ClCompile>
    <ClCompile Include="WaterflowModule.cpp">
      <Filter>Source Files</Filter>
    </ClCompile>
    <ClCompile Include="WateringModule.cpp">
      <Filter>Source Files</Filter>
    </ClCompile>
    <ClCompile Include="WaterTankModule.cpp">
      <Filter>Source Files</Filter>
    </ClCompile>
    <ClCompile Include="WeatherStation.cpp">
      <Filter>Source Files</Filter>
    </ClCompile>
    <ClCompile Include="WiFiModule.cpp">
      <Filter>Source Files</Filter>
    </ClCompile>
    <ClCompile Include="ZeroStreamListener.cpp">
      <Filter>Source Files</Filter>
    </ClCompile>
  </ItemGroup>
</Project>